
Microsoft Visual Studio Solution File, Format Version 12.00
# Visual Studio Version 16
VisualStudioVersion = 16.0.29306.81
MinimumVisualStudioVersion = 10.0.40219.1
Project("{FAE04EC0-301F-11D3-BF4B-00C04F79EFBC}") = "Quản Lý Bán Hàng", "Quản Lý Bán Hàng\Quản Lý Bán Hàng.csproj", "{3C0F7667-477F-4170-916A-109E5E92D5E3}"
EndProject
Global
	GlobalSection(SolutionConfigurationPlatforms) = preSolution
		Debug|Any CPU = Debug|Any CPU
		Release|Any CPU = Release|Any CPU
	EndGlobalSection
	GlobalSection(ProjectConfigurationPlatforms) = postSolution
		{3C0F7667-477F-4170-916A-109E5E92D5E3}.Debug|Any CPU.ActiveCfg = Debug|Any CPU
		{3C0F7667-477F-4170-916A-109E5E92D5E3}.Debug|Any CPU.Build.0 = Debug|Any CPU
		{3C0F7667-477F-4170-916A-109E5E92D5E3}.Release|Any CPU.ActiveCfg = Release|Any CPU
		{3C0F7667-477F-4170-916A-109E5E92D5E3}.Release|Any CPU.Build.0 = Release|Any CPU
	EndGlobalSection
	GlobalSection(SolutionProperties) = preSolution
		HideSolutionNode = FALSE
	EndGlobalSection
	GlobalSection(ExtensibilityGlobals) = postSolution
		SolutionGuid = {617B2ABF-7976-44DF-9F84-5CDC35E6B107}
	EndGlobalSection
EndGlobal
